
Microsoft Visual Studio Solution File, Format Version 12.00
# Visual Studio Version 17
VisualStudioVersion = 17.9.34728.123
MinimumVisualStudioVersion = 10.0.40219.1
Project("{FAE04EC0-301F-11D3-BF4B-00C04F79EFBC}") = "Test.API", "Test.API.csproj", "{92ED1230-4EF4-4FD5-9A24-23E89EE38DA6}"
EndProject
Project("{FAE04EC0-301F-11D3-BF4B-00C04F79EFBC}") = "Test.Application", "..\Test.Application\Test.Application.csproj", "{E6D744FA-FE4D-4D02-B26C-39F0FAEA29D6}"
EndProject
Project("{FAE04EC0-301F-11D3-BF4B-00C04F79EFBC}") = "Test.Domain", "..\Test.Domain\Test.Domain.csproj", "{C447FFA9-B4B4-4984-8730-15CEA130443D}"
EndProject
Project("{FAE04EC0-301F-11D3-BF4B-00C04F79EFBC}") = "Test.Infrastructure", "..\Test.Infrastructure\Test.Infrastructure.csproj", "{C480F581-A35D-4F2B-86CC-874E5C91897B}"
EndProject
Global
	GlobalSection(SolutionConfigurationPlatforms) = preSolution
		Debug|Any CPU = Debug|Any CPU
		Release|Any CPU = Release|Any CPU
	EndGlobalSection
	GlobalSection(ProjectConfigurationPlatforms) = postSolution
		{92ED1230-4EF4-4FD5-9A24-23E89EE38DA6}.Debug|Any CPU.ActiveCfg = Debug|Any CPU
		{92ED1230-4EF4-4FD5-9A24-23E89EE38DA6}.Debug|Any CPU.Build.0 = Debug|Any CPU
		{92ED1230-4EF4-4FD5-9A24-23E89EE38DA6}.Release|Any CPU.ActiveCfg = Release|Any CPU
		{92ED1230-4EF4-4FD5-9A24-23E89EE38DA6}.Release|Any CPU.Build.0 = Release|Any CPU
		{E6D744FA-FE4D-4D02-B26C-39F0FAEA29D6}.Debug|Any CPU.ActiveCfg = Debug|Any CPU
		{E6D744FA-FE4D-4D02-B26C-39F0FAEA29D6}.Debug|Any CPU.Build.0 = Debug|Any CPU
		{E6D744FA-FE4D-4D02-B26C-39F0FAEA29D6}.Release|Any CPU.ActiveCfg = Release|Any CPU
		{E6D744FA-FE4D-4D02-B26C-39F0FAEA29D6}.Release|Any CPU.Build.0 = Release|Any CPU
		{C447FFA9-B4B4-4984-8730-15CEA130443D}.Debug|Any CPU.ActiveCfg = Debug|Any CPU
		{C447FFA9-B4B4-4984-8730-15CEA130443D}.Debug|Any CPU.Build.0 = Debug|Any CPU
		{C447FFA9-B4B4-4984-8730-15CEA130443D}.Release|Any CPU.ActiveCfg = Release|Any CPU
		{C447FFA9-B4B4-4984-8730-15CEA130443D}.Release|Any CPU.Build.0 = Release|Any CPU
		{C480F581-A35D-4F2B-86CC-874E5C91897B}.Debug|Any CPU.ActiveCfg = Debug|Any CPU
		{C480F581-A35D-4F2B-86CC-874E5C91897B}.Debug|Any CPU.Build.0 = Debug|Any CPU
		{C480F581-A35D-4F2B-86CC-874E5C91897B}.Release|Any CPU.ActiveCfg = Release|Any CPU
		{C480F581-A35D-4F2B-86CC-874E5C91897B}.Release|Any CPU.Build.0 = Release|Any CPU
	EndGlobalSection
	GlobalSection(SolutionProperties) = preSolution
		HideSolutionNode = FALSE
	EndGlobalSection
	GlobalSection(ExtensibilityGlobals) = postSolution
		SolutionGuid = {18FE3897-028D-4476-AAF1-30471D3CBB99}
	EndGlobalSection
EndGlobal
